
Microsoft Visual Studio Solution File, Format Version 12.00
# Visual Studio Version 17
VisualStudioVersion = 17.4.33213.308
MinimumVisualStudioVersion = 10.0.40219.1
Project("{FAE04EC0-301F-11D3-BF4B-00C04F79EFBC}") = "PTesteEventos", "PTesteEventos\PTesteEventos.csproj", "{F836427F-9DC9-4BBB-BEF8-59AF4151138A}"
EndProject
Global
	GlobalSection(SolutionConfigurationPlatforms) = preSolution
		Debug|Any CPU = Debug|Any CPU
		Release|Any CPU = Release|Any CPU
	EndGlobalSection
	GlobalSection(ProjectConfigurationPlatforms) = postSolution
		{F836427F-9DC9-4BBB-BEF8-59AF4151138A}.Debug|Any CPU.ActiveCfg = Debug|Any CPU
		{F836427F-9DC9-4BBB-BEF8-59AF4151138A}.Debug|Any CPU.Build.0 = Debug|Any CPU
		{F836427F-9DC9-4BBB-BEF8-59AF4151138A}.Release|Any CPU.ActiveCfg = Release|Any CPU
		{F836427F-9DC9-4BBB-BEF8-59AF4151138A}.Release|Any CPU.Build.0 = Release|Any CPU
	EndGlobalSection
	GlobalSection(SolutionProperties) = preSolution
		HideSolutionNode = FALSE
	EndGlobalSection
	GlobalSection(ExtensibilityGlobals) = postSolution
		SolutionGuid = {59BE60B8-DB7D-496C-BCFC-35DBC19B9227}
	EndGlobalSection
EndGlobal
